# Generated by scripts/lock_dependencies.py -- do not edit by hand.
# torch 2.10.0 (cpu, cu130), pyarrow 25.0.1
# <platform> <variant> <target> <sha256> <url>
linux-x86_64 cpu torch ee40b8a4b4b2cf0670c6fd4f35a7ef23871af956fecb238fbf5da15a72650b1d https://download.pytorch.org/whl/cpu/torch-2.10.0%2Bcpu-cp312-cp312-manylinux_2_28_x86_64.whl
linux-x86_64 cuda torch 858f0cbcc78d726fea9499eb3464faa98392fa093845a3262209bd226b7844d6 https://download.pytorch.org/whl/cu130/torch-2.10.0%2Bcu130-cp312-cp312-manylinux_2_28_x86_64.whl
linux-x86_64 cuda nvidia ad9b6d2ead2435f11cbb6868809d2adeeee302e9bb94bcf0539c7a40d80e8575 https://files.pythonhosted.org/packages/c3/68/483a78f5e8f31b08fb1bb671559968c0ca3a065ac7acabfc7cee55214fd6/nvidia_cuda_nvrtc-13.0.88-py3-none-manylinux2010_x86_64.manylinux_2_12_x86_64.whl
linux-x86_64 cuda nvidia 7f82250d7782aa23b6cfe765ecc7db554bd3c2870c43f3d1821f1d18aebf0548 https://files.pythonhosted.org/packages/2e/24/d1558f3b68b1d26e706813b1d10aa1d785e4698c425af8db8edc3dced472/nvidia_cuda_runtime-13.0.96-py3-none-manylinux2014_x86_64.manylinux_2_17_x86_64.whl
linux-x86_64 cuda nvidia 4eb01c08e859bf924d222250d2e8f8b8ff6d3db4721288cf35d14252a4d933c8 https://files.pythonhosted.org/packages/33/6d/737d164b4837a9bbd202f5ae3078975f0525a55730fe871d8ed4e3b952b0/nvidia_cuda_cupti-13.0.85-py3-none-manylinux_2_25_x86_64.whl
linux-x86_64 cuda nvidia ebc9a647918df0d7298d67cfaf41579fd4c78ead9aba246f5ad9414d61b9ec4c https://files.pythonhosted.org/packages/0c/d0/90f98fc55c48a7d8f5ad0a03a6321acc1a7024bdd550d96b3547a04ea6b4/nvidia_cudnn_cu13-9.15.1.9-py3-none-manylinux_2_27_x86_64.whl
linux-x86_64 cuda nvidia ee8722c1f0145ab246bccb9e452153b5e0515fd094c3678df50b2a0888b8b171 https://files.pythonhosted.org/packages/e7/44/423ac00af4dd95a5aeb27207e2c0d9b7118702149bf4704c3ddb55bb7429/nvidia_cublas-13.1.0.3-py3-none-manylinux_2_27_x86_64.whl
linux-x86_64 cuda nvidia 6c44f692dce8fd5ffd3e3df134b6cdb9c2f72d99cf40b62c32dde45eea9ddad3 https://files.pythonhosted.org/packages/a8/2f/7b57e29836ea8714f81e9898409196f47d772d5ddedddf1592eadb8ab743/nvidia_cufft-12.0.0.61-py3-none-manylinux2014_x86_64.manylinux_2_17_x86_64.whl
linux-x86_64 cuda nvidia 1aee33a5da6e1db083fe2b90082def8915f30f3248d5896bcec36a579d941bfc https://files.pythonhosted.org/packages/a5/9f/be0a41ca4a4917abf5cb9ae0daff1a6060cc5de950aec0396de9f3b52bc5/nvidia_curand-10.4.0.35-py3-none-manylinux_2_27_x86_64.whl
linux-x86_64 cuda nvidia 0a759da5dea5c0ea10fd307de75cdeb59e7ea4fcb8add0924859b944babf1112 https://files.pythonhosted.org/packages/5f/67/cba3777620cdacb99102da4042883709c41c709f4b6323c10781a9c3aa34/nvidia_cusolver-12.0.4.66-py3-none-manylinux_2_27_x86_64.whl
linux-x86_64 cuda nvidia 2b3c89c88d01ee0e477cb7f82ef60a11a4bcd57b6b87c33f789350b59759360b https://files.pythonhosted.org/packages/fa/18/623c77619c31d62efd55302939756966f3ecc8d724a14dab2b75f1508850/nvidia_cusparse-12.6.3.3-py3-none-manylinux2014_x86_64.manylinux_2_17_x86_64.whl
linux-x86_64 cuda nvidia 25e30a8a7323935d4ad0340b95a0b69926eee755767e8e0b1cf8dd85b197d3fd https://files.pythonhosted.org/packages/fd/53/43b0d71f4e702fa9733f8b4571fdca50a8813f1e450b656c239beff12315/nvidia_cusparselt_cu13-0.8.0-py3-none-manylinux2014_x86_64.whl
linux-x86_64 cuda nvidia e4553a30f34195f3fa1da02a6da3d6337d28f2003943aa0a3d247bbc25fefc42 https://files.pythonhosted.org/packages/b0/b4/878fefaad5b2bcc6fcf8d474a25e3e3774bc5133e4b58adff4d0bca238bc/nvidia_nccl_cu13-2.28.9-py3-none-manylinux_2_18_x86_64.whl
linux-x86_64 cuda nvidia 290f0a2ee94c9f3687a02502f3b9299a9f9fe826e6d0287ee18482e78d495b80 https://files.pythonhosted.org/packages/3c/35/a9bf80a609e74e3b000fef598933235c908fcefcef9026042b8e6dfde2a9/nvidia_nvshmem_cu13-3.4.5-py3-none-manylinux2014_x86_64.manylinux_2_17_x86_64.whl
linux-x86_64 cuda nvidia 4936d1d6780fbe68db454f5e72a42ff64d1fd6397df9f363ae786930fd5c1cd4 https://files.pythonhosted.org/packages/c2/f3/d86c845465a2723ad7e1e5c36dcd75ddb82898b3f53be47ebd429fb2fa5d/nvidia_nvtx-13.0.85-py3-none-manylinux1_x86_64.manylinux_2_5_x86_64.whl
linux-x86_64 cuda nvidia 13a74f429e23b921c1109976abefacc69835f2f433ebd323d3946e11d804e47b https://files.pythonhosted.org/packages/56/7a/123e033aaff487c77107195fa5a2b8686795ca537935a24efae476c41f05/nvidia_nvjitlink-13.0.88-py3-none-manylinux2010_x86_64.manylinux_2_12_x86_64.whl
linux-x86_64 cuda nvidia 08a3ecefae5a01c7f5117351c64f17c7c62efa5fffdbe24fc7d298da19cd0b44 https://files.pythonhosted.org/packages/3f/70/4f193de89a48b71714e74602ee14d04e4019ad36a5a9f20c425776e72cd6/nvidia_cufile-1.15.1.6-py3-none-manylinux2014_x86_64.manylinux_2_17_x86_64.whl
linux-x86_64 any arrow 5389cdf79447ed1515c9e31620e6e1e2302249564d603f2ad727d4f6d313e4c3 https://files.pythonhosted.org/packages/60/c9/711ca85d79f1ec98f29a5eae2b051e25b4ecec5de3e3c0e2d5c5dcb15664/pyarrow-25.0.1-cp312-cp312-manylinux_2_28_x86_64.whl
linux-aarch64 cpu torch 179451716487f8cb09b56459667fa1f5c4c0946c1e75fbeae77cfc40a5768d87 https://download.pytorch.org/whl/cpu/torch-2.10.0%2Bcpu-cp312-cp312-manylinux_2_28_aarch64.whl
linux-aarch64 cuda torch 4fc8f67637f4c92b989a07d80ffe755e79a3510ca02ebf23ce66396fb277c88d https://download.pytorch.org/whl/cu130/torch-2.10.0%2Bcu130-cp312-cp312-manylinux_2_28_aarch64.whl
linux-aarch64 cuda nvidia d27f20a0ca67a4bb34268a5e951033496c5b74870b868bacd046b1b8e0c3267b https://files.pythonhosted.org/packages/b7/dc/6bb80850e0b7edd6588d560758f17e0550893a1feaf436807d64d2da040f/nvidia_cuda_nvrtc-13.0.88-py3-none-manylinux2014_aarch64.manylinux_2_17_aarch64.whl
linux-aarch64 cuda nvidia ef9bcbe90493a2b9d810e43d249adb3d02e98dd30200d86607d8d02687c43f55 https://files.pythonhosted.org/packages/87/4f/17d7b9b8e285199c58ce28e31b5c5bbaa4d8271af06a89b6405258245de2/nvidia_cuda_runtime-13.0.96-py3-none-manylinux2014_aarch64.manylinux_2_17_aarch64.whl
linux-aarch64 cuda nvidia 796bd679890ee55fb14a94629b698b6db54bcfd833d391d5e94017dd9d7d3151 https://files.pythonhosted.org/packages/2a/2a/80353b103fc20ce05ef51e928daed4b6015db4aaa9162ed0997090fe2250/nvidia_cuda_cupti-13.0.85-py3-none-manylinux_2_25_aarch64.whl
linux-aarch64 cuda nvidia 44cd2ec83c3ef62a7357614bd02ce7f3dac35ffcbb04ad20999e730741f0ba17 https://files.pythonhosted.org/packages/ff/93/b3c9db2c35d6183361333d2dcfea50e094c012d012c8a4d7effbfb53ef62/nvidia_cudnn_cu13-9.15.1.9-py3-none-manylinux_2_27_aarch64.whl
linux-aarch64 cuda nvidia c86fc7f7ae36d7528288c5d88098edcb7b02c633d262e7ddbb86b0ad91be5df2 https://files.pythonhosted.org/packages/e1/a5/fce49e2ae977e0ccc084e5adafceb4f0ac0c8333cb6863501618a7277f67/nvidia_cublas-13.1.0.3-py3-none-manylinux_2_27_aarch64.whl
linux-aarch64 cuda nvidia 2708c852ef8cd89d1d2068bdbece0aa188813a0c934db3779b9b1faa8442e5f5 https://files.pythonhosted.org/packages/8b/ae/f417a75c0259e85c1d2f83ca4e960289a5f814ed0cea74d18c353d3e989d/nvidia_cufft-12.0.0.61-py3-none-manylinux2014_aarch64.manylinux_2_17_aarch64.whl
linux-aarch64 cuda nvidia 133df5a7509c3e292aaa2b477afd0194f06ce4ea24d714d616ff36439cee349a https://files.pythonhosted.org/packages/1e/72/7c2ae24fb6b63a32e6ae5d241cc65263ea18d08802aaae087d9f013335a2/nvidia_curand-10.4.0.35-py3-none-manylinux_2_27_aarch64.whl
linux-aarch64 cuda nvidia 02c2457eaa9e39de20f880f4bd8820e6a1cfb9f9a34f820eb12a155aa5bc92d2 https://files.pythonhosted.org/packages/c8/c3/b30c9e935fc01e3da443ec0116ed1b2a009bb867f5324d3f2d7e533e776b/nvidia_cusolver-12.0.4.66-py3-none-manylinux_2_27_aarch64.whl
linux-aarch64 cuda nvidia 80bcc4662f23f1054ee334a15c72b8940402975e0eab63178fc7e670aa59472c https://files.pythonhosted.org/packages/f8/94/5c26f33738ae35276672f12615a64bd008ed5be6d1ebcb23579285d960a9/nvidia_cusparse-12.6.3.3-py3-none-manylinux2014_aarch64.manylinux_2_17_aarch64.whl
linux-aarch64 cuda nvidia 400c6ed1cf6780fc6efedd64ec9f1345871767e6a1a0a552a1ea0578117ea77c https://files.pythonhosted.org/packages/46/10/8dcd1175260706a2fc92a16a52e306b71d4c1ea0b0cc4a9484183399818a/nvidia_cusparselt_cu13-0.8.0-py3-none-manylinux2014_aarch64.whl
linux-aarch64 cuda nvidia 01c873ba1626b54caa12272ed228dc5b2781545e0ae8ba3f432a8ef1c6d78643 https://files.pythonhosted.org/packages/39/55/1920646a2e43ffd4fc958536b276197ed740e9e0c54105b4bb3521591fc7/nvidia_nccl_cu13-2.28.9-py3-none-manylinux_2_18_aarch64.whl
linux-aarch64 cuda nvidia 6dc2a197f38e5d0376ad52cd1a2a3617d3cdc150fd5966f4aee9bcebb1d68fe9 https://files.pythonhosted.org/packages/dc/0f/05cc9c720236dcd2db9c1ab97fff629e96821be2e63103569da0c9b72f19/nvidia_nvshmem_cu13-3.4.5-py3-none-manylinux2014_aarch64.manylinux_2_17_aarch64.whl
linux-aarch64 cuda nvidia cb7780edb6b14107373c835bf8b72e7a178bac7367e23da7acb108f973f157a6 https://files.pythonhosted.org/packages/a8/64/3708a90d1ebe202ffdeb7185f878a3c84d15c2b2c31858da2ce0583e2def/nvidia_nvtx-13.0.85-py3-none-manylinux2014_aarch64.manylinux_2_17_aarch64.whl
linux-aarch64 cuda nvidia e931536ccc7d467a98ba1d8b89ff7fa7f1fa3b13f2b0069118cd7f47bff07d0c https://files.pythonhosted.org/packages/ab/2c/93c5250e64df4f894f1cbb397c6fd71f79813f9fd79d7cd61de3f97b3c2d/nvidia_nvjitlink-13.0.88-py3-none-manylinux2014_aarch64.manylinux_2_17_aarch64.whl
linux-aarch64 cuda nvidia bdc0deedc61f548bddf7733bdc216456c2fdb101d020e1ab4b88d232d5e2f6d1 https://files.pythonhosted.org/packages/ab/73/cc4a14c9813a8a0d509417cf5f4bdaba76e924d58beb9864f5a7baceefbf/nvidia_cufile-1.15.1.6-py3-none-manylinux_2_27_aarch64.whl
linux-aarch64 any arrow 4340f0ba6c1d2e13f21658de1d7c662ca2545018568d0030a1e9afca159d87e3 https://files.pythonhosted.org/packages/13/49/d93a57d375f4bf0cf82913dd6bb54acafde83dd993be2282c81ac5616cad/pyarrow-25.0.1-cp312-cp312-manylinux_2_28_aarch64.whl
macos-arm64 cpu torch 358bd7125cbec6e692d60618a5eec7f55a51b29e3652a849fd42af021d818023 https://download.pytorch.org/whl/cpu/torch-2.10.0-2-cp312-none-macosx_11_0_arm64.whl
macos-arm64 any arrow df961f2e7ae9cf496459259d798652c70625f6c080650d6952f8c04053c58ee9 https://files.pythonhosted.org/packages/a6/e2/9ab15b88cbfac28e16419ce5439ec29234c5172cb8259301b4ba639bdec0/pyarrow-25.0.1-cp312-cp312-macosx_12_0_arm64.whl
